
Microsoft Visual Studio Solution File, Format Version 12.00
# Visual Studio Version 17
VisualStudioVersion = 17.13.35825.156
MinimumVisualStudioVersion = 10.0.40219.1
Project("{FAE04EC0-301F-11D3-BF4B-00C04F79EFBC}") = "SoloviinaUpdaterNET8.0", "SoloviinaUpdaterNET8.0.csproj", "{D22AE144-7652-4B6D-AD35-D378D536AF92}"
EndProject
Global
	GlobalSection(SolutionConfigurationPlatforms) = preSolution
		Debug|Any CPU = Debug|Any CPU
		Release|Any CPU = Release|Any CPU
	EndGlobalSection
	GlobalSection(ProjectConfigurationPlatforms) = postSolution
		{D22AE144-7652-4B6D-AD35-D378D536AF92}.Debug|Any CPU.ActiveCfg = Debug|Any CPU
		{D22AE144-7652-4B6D-AD35-D378D536AF92}.Debug|Any CPU.Build.0 = Debug|Any CPU
		{D22AE144-7652-4B6D-AD35-D378D536AF92}.Release|Any CPU.ActiveCfg = Release|Any CPU
		{D22AE144-7652-4B6D-AD35-D378D536AF92}.Release|Any CPU.Build.0 = Release|Any CPU
	EndGlobalSection
	GlobalSection(SolutionProperties) = preSolution
		HideSolutionNode = FALSE
	EndGlobalSection
	GlobalSection(ExtensibilityGlobals) = postSolution
		SolutionGuid = {C737F7F3-1F4B-435F-B11E-7618053673F8}
	EndGlobalSection
EndGlobal
